// !$*UTF8*$!
{
	archiveVersion = 1;
	classes = {
	};
	objectVersion = 77;
	objects = {

/* Begin PBXBuildFile section */
		537A29742D284C1B008699DF /* RGBImputView.swift in Sources */ = {isa = PBXBuildFile; fileRef = 537A29732D284C1B008699DF /* RGBImputView.swift */; };
		537A29762D286574008699DF /* RGBSliderView.swift in Sources */ = {isa = PBXBuildFile; fileRef = 537A29752D286574008699DF /* RGBSliderView.swift */; };
		537A297A2D286A14008699DF /* RGBDispleyView.swift in Sources */ = {isa = PBXBuildFile; fileRef = 537A29792D286A14008699DF /* RGBDispleyView.swift */; };
		53A7A3762D10B37000C298D7 /* MainScreenView.swift in Sources */ = {isa = PBXBuildFile; fileRef = 53A7A36F2D10B37000C298D7 /* MainScreenView.swift */; };
		53A7A37C2D12204600C298D7 /* MainScreenViewController.swift in Sources */ = {isa = PBXBuildFile; fileRef = 53A7A37B2D12204600C298D7 /* MainScreenViewController.swift */; };
		53A7A3852D12258900C298D7 /* AppDelegate.swift in Sources */ = {isa = PBXBuildFile; fileRef = 53A7A37F2D12258900C298D7 /* AppDelegate.swift */; };
		53A7A3862D12258900C298D7 /* SceneDelegate.swift in Sources */ = {isa = PBXBuildFile; fileRef = 53A7A3832D12258900C298D7 /* SceneDelegate.swift */; };
		53A7A3872D12258900C298D7 /* Assets.xcassets in Resources */ = {isa = PBXBuildFile; fileRef = 53A7A3802D12258900C298D7 /* Assets.xcassets */; };
		53A7A3892D12258900C298D7 /* LaunchScreen.storyboard in Resources */ = {isa = PBXBuildFile; fileRef = 53A7A3822D12258900C298D7 /* LaunchScreen.storyboard */; };
/* End PBXBuildFile section */

/* Begin PBXFileReference section */
		537A29732D284C1B008699DF /* RGBImputView.swift */ = {isa = PBXFileReference; lastKnownFileType = sourcecode.swift; path = RGBImputView.swift; sourceTree = "<group>"; };
		537A29752D286574008699DF /* RGBSliderView.swift */ = {isa = PBXFileReference; lastKnownFileType = sourcecode.swift; path = RGBSliderView.swift; sourceTree = "<group>"; };
		537A29792D286A14008699DF /* RGBDispleyView.swift */ = {isa = PBXFileReference; lastKnownFileType = sourcecode.swift; path = RGBDispleyView.swift; sourceTree = "<group>"; };
		53A7A36F2D10B37000C298D7 /* MainScreenView.swift */ = {isa = PBXFileReference; lastKnownFileType = sourcecode.swift; path = MainScreenView.swift; sourceTree = "<group>"; };
		53A7A37B2D12204600C298D7 /* MainScreenViewController.swift */ = {isa = PBXFileReference; lastKnownFileType = sourcecode.swift; path = MainScreenViewController.swift; sourceTree = "<group>"; };
		53A7A37F2D12258900C298D7 /* AppDelegate.swift */ = {isa = PBXFileReference; lastKnownFileType = sourcecode.swift; path = AppDelegate.swift; sourceTree = "<group>"; };
		53A7A3802D12258900C298D7 /* Assets.xcassets */ = {isa = PBXFileReference; lastKnownFileType = folder.assetcatalog; path = Assets.xcassets; sourceTree = "<group>"; };
		53A7A3812D12258900C298D7 /* Info.plist */ = {isa = PBXFileReference; lastKnownFileType = text.plist.xml; path = Info.plist; sourceTree = "<group>"; };
		53A7A3832D12258900C298D7 /* SceneDelegate.swift */ = {isa = PBXFileReference; lastKnownFileType = sourcecode.swift; path = SceneDelegate.swift; sourceTree = "<group>"; };
		53A7A3842D12258900C298D7 /* Base */ = {isa = PBXFileReference; lastKnownFileType = file.storyboard; name = Base; path = Base.lproj/LaunchScreen.storyboard; sourceTree = "<group>"; };
		53CB43FC2D089B1F00D98E42 /* ColorPicker.app */ = {isa = PBXFileReference; explicitFileType = wrapper.application; includeInIndex = 0; path = ColorPicker.app; sourceTree = BUILT_PRODUCTS_DIR; };
/* End PBXFileReference section */

/* Begin PBXFileSystemSynchronizedRootGroup section */
		53CB43FE2D089B1F00D98E42 /* Models */ = {
			isa = PBXFileSystemSynchronizedRootGroup;
			path = Models;
			sourceTree = "<group>";
		};
/* End PBXFileSystemSynchronizedRootGroup section */

/* Begin PBXFrameworksBuildPhase section */
		53CB43F92D089B1F00D98E42 /* Frameworks */ = {
			isa = PBXFrameworksBuildPhase;
			buildActionMask = 2147483647;
			files = (
			);
			runOnlyForDeploymentPostprocessing = 0;
		};
/* End PBXFrameworksBuildPhase section */

/* Begin PBXGroup section */
		537A29702D284B8B008699DF /* Modules */ = {
			isa = PBXGroup;
			children = (
				53A7A3782D12056000C298D7 /* MainScreen */,
			);
			path = Modules;
			sourceTree = "<group>";
		};
		537A29722D284BC3008699DF /* UIComponents */ = {
			isa = PBXGroup;
			children = (
				537A29732D284C1B008699DF /* RGBImputView.swift */,
				537A29752D286574008699DF /* RGBSliderView.swift */,
				537A29792D286A14008699DF /* RGBDispleyView.swift */,
			);
			path = UIComponents;
			sourceTree = "<group>";
		};
		53A7A3772D1204C200C298D7 /* ColorPicker */ = {
			isa = PBXGroup;
			children = (
				537A29722D284BC3008699DF /* UIComponents */,
				537A29702D284B8B008699DF /* Modules */,
				53A7A3812D12258900C298D7 /* Info.plist */,
				53A7A3822D12258900C298D7 /* LaunchScreen.storyboard */,
				53A7A3832D12258900C298D7 /* SceneDelegate.swift */,
				53A7A3802D12258900C298D7 /* Assets.xcassets */,
				53A7A37F2D12258900C298D7 /* AppDelegate.swift */,
			);
			path = ColorPicker;
			sourceTree = "<group>";
		};
		53A7A3782D12056000C298D7 /* MainScreen */ = {
			isa = PBXGroup;
			children = (
				53A7A37A2D12069800C298D7 /* View */,
				53A7A3792D12066A00C298D7 /* ViewController */,
				53CB43FE2D089B1F00D98E42 /* Models */,
			);
			path = MainScreen;
			sourceTree = "<group>";
		};
		53A7A3792D12066A00C298D7 /* ViewController */ = {
			isa = PBXGroup;
			children = (
				53A7A37B2D12204600C298D7 /* MainScreenViewController.swift */,
			);
			path = ViewController;
			sourceTree = "<group>";
		};
		53A7A37A2D12069800C298D7 /* View */ = {
			isa = PBXGroup;
			children = (
				53A7A36F2D10B37000C298D7 /* MainScreenView.swift */,
			);
			path = View;
			sourceTree = "<group>";
		};
		53CB43F32D089B1F00D98E42 = {
			isa = PBXGroup;
			children = (
				53A7A3772D1204C200C298D7 /* ColorPicker */,
				53CB43FD2D089B1F00D98E42 /* Products */,
			);
			sourceTree = "<group>";
		};
		53CB43FD2D089B1F00D98E42 /* Products */ = {
			isa = PBXGroup;
			children = (
				53CB43FC2D089B1F00D98E42 /* ColorPicker.app */,
			);
			name = Products;
			sourceTree = "<group>";
		};
/* End PBXGroup section */

/* Begin PBXNativeTarget section */
		53CB43FB2D089B1F00D98E42 /* ColorPicker */ = {
			isa = PBXNativeTarget;
			buildConfigurationList = 53CB440F2D089B2100D98E42 /* Build configuration list for PBXNativeTarget "ColorPicker" */;
			buildPhases = (
				53CB43F82D089B1F00D98E42 /* Sources */,
				53CB43F92D089B1F00D98E42 /* Frameworks */,
				53CB43FA2D089B1F00D98E42 /* Resources */,
			);
			buildRules = (
			);
			dependencies = (
			);
			fileSystemSynchronizedGroups = (
				53CB43FE2D089B1F00D98E42 /* Models */,
			);
			name = ColorPicker;
			packageProductDependencies = (
			);
			productName = ColorPicker;
			productReference = 53CB43FC2D089B1F00D98E42 /* ColorPicker.app */;
			productType = "com.apple.product-type.application";
		};
/* End PBXNativeTarget section */

/* Begin PBXProject section */
		53CB43F42D089B1F00D98E42 /* Project object */ = {
			isa = PBXProject;
			attributes = {
				BuildIndependentTargetsInParallel = 1;
				LastSwiftUpdateCheck = 1610;
				LastUpgradeCheck = 1610;
				TargetAttributes = {
					53CB43FB2D089B1F00D98E42 = {
						CreatedOnToolsVersion = 16.1;
					};
				};
			};
			buildConfigurationList = 53CB43F72D089B1F00D98E42 /* Build configuration list for PBXProject "ColorPicker" */;
			developmentRegion = en;
			hasScannedForEncodings = 0;
			knownRegions = (
				en,
				Base,
			);
			mainGroup = 53CB43F32D089B1F00D98E42;
			minimizedProjectReferenceProxies = 1;
			preferredProjectObjectVersion = 77;
			productRefGroup = 53CB43FD2D089B1F00D98E42 /* Products */;
			projectDirPath = "";
			projectRoot = "";
			targets = (
				53CB43FB2D089B1F00D98E42 /* ColorPicker */,
			);
		};
/* End PBXProject section */

/* Begin PBXResourcesBuildPhase section */
		53CB43FA2D089B1F00D98E42 /* Resources */ = {
			isa = PBXResourcesBuildPhase;
			buildActionMask = 2147483647;
			files = (
				53A7A3872D12258900C298D7 /* Assets.xcassets in Resources */,
				53A7A3892D12258900C298D7 /* LaunchScreen.storyboard in Resources */,
			);
			runOnlyForDeploymentPostprocessing = 0;
		};
/* End PBXResourcesBuildPhase section */

/* Begin PBXSourcesBuildPhase section */
		53CB43F82D089B1F00D98E42 /* Sources */ = {
			isa = PBXSourcesBuildPhase;
			buildActionMask = 2147483647;
			files = (
				537A29742D284C1B008699DF /* RGBImputView.swift in Sources */,
				53A7A3762D10B37000C298D7 /* MainScreenView.swift in Sources */,
				53A7A3852D12258900C298D7 /* AppDelegate.swift in Sources */,
				53A7A3862D12258900C298D7 /* SceneDelegate.swift in Sources */,
				537A297A2D286A14008699DF /* RGBDispleyView.swift in Sources */,
				53A7A37C2D12204600C298D7 /* MainScreenViewController.swift in Sources */,
				537A29762D286574008699DF /* RGBSliderView.swift in Sources */,
			);
			runOnlyForDeploymentPostprocessing = 0;
		};
/* End PBXSourcesBuildPhase section */

/* Begin PBXVariantGroup section */
		53A7A3822D12258900C298D7 /* LaunchScreen.storyboard */ = {
			isa = PBXVariantGroup;
			children = (
				53A7A3842D12258900C298D7 /* Base */,
			);
			name = LaunchScreen.storyboard;
			sourceTree = "<group>";
		};
/* End PBXVariantGroup section */

/* Begin XCBuildConfiguration section */
		53CB44102D089B2100D98E42 /* Debug */ = {
			isa = XCBuildConfiguration;
			buildSettings = {
				ASSETCATALOG_COMPILER_APPICON_NAME = AppIcon;
				ASSETCATALOG_COMPILER_GLOBAL_ACCENT_COLOR_NAME = AccentColor;
				CODE_SIGN_STYLE = Automatic;
				CURRENT_PROJECT_VERSION = 1;
				GENERATE_INFOPLIST_FILE = YES;
				INFOPLIST_FILE = ColorPicker/Info.plist;
				INFOPLIST_KEY_UIApplicationSupportsIndirectInputEvents = YES;
				INFOPLIST_KEY_UILaunchStoryboardName = LaunchScreen;
				INFOPLIST_KEY_UISupportedInterfaceOrientations_iPad = "UIInterfaceOrientationPortrait UIInterfaceOrientationPortraitUpsideDown UIInterfaceOrientationLandscapeLeft UIInterfaceOrientationLandscapeRight";
				INFOPLIST_KEY_UISupportedInterfaceOrientations_iPhone = "UIInterfaceOrientationPortrait UIInterfaceOrientationLandscapeLeft UIInterfaceOrientationLandscapeRight";
				LD_RUNPATH_SEARCH_PATHS = (
					"$(inherited)",
					"@executable_path/Frameworks",
				);
				MARKETING_VERSION = 1.0;
				PRODUCT_BUNDLE_IDENTIFIER = KsuTest.ColorPicker;
				PRODUCT_NAME = "$(TARGET_NAME)";
				SWIFT_EMIT_LOC_STRINGS = YES;
				SWIFT_VERSION = 5.0;
				TARGETED_DEVICE_FAMILY = "1,2";
			};
			name = Debug;
		};
		53CB44112D089B2100D98E42 /* Release */ = {
			isa = XCBuildConfiguration;
			buildSettings = {
				ASSETCATALOG_COMPILER_APPICON_NAME = AppIcon;
				ASSETCATALOG_COMPILER_GLOBAL_ACCENT_COLOR_NAME = AccentColor;
				CODE_SIGN_STYLE = Automatic;
				CURRENT_PROJECT_VERSION = 1;
				GENERATE_INFOPLIST_FILE = YES;
				INFOPLIST_FILE = ColorPicker/Info.plist;
				INFOPLIST_KEY_UIApplicationSupportsIndirectInputEvents = YES;
				INFOPLIST_KEY_UILaunchStoryboardName = LaunchScreen;
				INFOPLIST_KEY_UISupportedInterfaceOrientations_iPad = "UIInterfaceOrientationPortrait UIInterfaceOrientationPortraitUpsideDown UIInterfaceOrientationLandscapeLeft UIInterfaceOrientationLandscapeRight";
				INFOPLIST_KEY_UISupportedInterfaceOrientations_iPhone = "UIInterfaceOrientationPortrait UIInterfaceOrientationLandscapeLeft UIInterfaceOrientationLandscapeRight";
				LD_RUNPATH_SEARCH_PATHS = (
					"$(inherited)",
					"@executable_path/Frameworks",
				);
				MARKETING_VERSION = 1.0;
				PRODUCT_BUNDLE_IDENTIFIER = KsuTest.ColorPicker;
				PRODUCT_NAME = "$(TARGET_NAME)";
				SWIFT_EMIT_LOC_STRINGS = YES;
				SWIFT_VERSION = 5.0;
				TARGETED_DEVICE_FAMILY = "1,2";
			};
			name = Release;
		};
		53CB44122D089B2100D98E42 /* Debug */ = {
			isa = XCBuildConfiguration;
			buildSettings = {
				ALWAYS_SEARCH_USER_PATHS = NO;
				ASSETCATALOG_COMPILER_GENERATE_SWIFT_ASSET_SYMBOL_EXTENSIONS = YES;
				CLANG_ANALYZER_NONNULL = YES;
				CLANG_ANALYZER_NUMBER_OBJECT_CONVERSION = YES_AGGRESSIVE;
				CLANG_CXX_LANGUAGE_STANDARD = "gnu++20";
				CLANG_ENABLE_MODULES = YES;
				CLANG_ENABLE_OBJC_ARC = YES;
				CLANG_ENABLE_OBJC_WEAK = YES;
				CLANG_WARN_BLOCK_CAPTURE_AUTORELEASING = YES;
				CLANG_WARN_BOOL_CONVERSION = YES;
				CLANG_WARN_COMMA = YES;
				CLANG_WARN_CONSTANT_CONVERSION = YES;
				CLANG_WARN_DEPRECATED_OBJC_IMPLEMENTATIONS = YES;
				CLANG_WARN_DIRECT_OBJC_ISA_USAGE = YES_ERROR;
				CLANG_WARN_DOCUMENTATION_COMMENTS = YES;
				CLANG_WARN_EMPTY_BODY = YES;
				CLANG_WARN_ENUM_CONVERSION = YES;
				CLANG_WARN_INFINITE_RECURSION = YES;
				CLANG_WARN_INT_CONVERSION = YES;
				CLANG_WARN_NON_LITERAL_NULL_CONVERSION = YES;
				CLANG_WARN_OBJC_IMPLICIT_RETAIN_SELF = YES;
				CLANG_WARN_OBJC_LITERAL_CONVERSION = YES;
				CLANG_WARN_OBJC_ROOT_CLASS = YES_ERROR;
				CLANG_WARN_QUOTED_INCLUDE_IN_FRAMEWORK_HEADER = YES;
				CLANG_WARN_RANGE_LOOP_ANALYSIS = YES;
				CLANG_WARN_STRICT_PROTOTYPES = YES;
				CLANG_WARN_SUSPICIOUS_MOVE = YES;
				CLANG_WARN_UNGUARDED_AVAILABILITY = YES_AGGRESSIVE;
				CLANG_WARN_UNREACHABLE_CODE = YES;
				CLANG_WARN__DUPLICATE_METHOD_MATCH = YES;
				COPY_PHASE_STRIP = NO;
				DEBUG_INFORMATION_FORMAT = dwarf;
				ENABLE_STRICT_OBJC_MSGSEND = YES;
				ENABLE_TESTABILITY = YES;
				ENABLE_USER_SCRIPT_SANDBOXING = YES;
				GCC_C_LANGUAGE_STANDARD = gnu17;
				GCC_DYNAMIC_NO_PIC = NO;
				GCC_NO_COMMON_BLOCKS = YES;
				GCC_OPTIMIZATION_LEVEL = 0;
				GCC_PREPROCESSOR_DEFINITIONS = (
					"DEBUG=1",
					"$(inherited)",
				);
				GCC_WARN_64_TO_32_BIT_CONVERSION = YES;
				GCC_WARN_ABOUT_RETURN_TYPE = YES_ERROR;
				GCC_WARN_UNDECLARED_SELECTOR = YES;
				GCC_WARN_UNINITIALIZED_AUTOS = YES_AGGRESSIVE;
				GCC_WARN_UNUSED_FUNCTION = YES;
				GCC_WARN_UNUSED_VARIABLE = YES;
				IPHONEOS_DEPLOYMENT_TARGET = 18.1;
				LOCALIZATION_PREFERS_STRING_CATALOGS = YES;
				MTL_ENABLE_DEBUG_INFO = INCLUDE_SOURCE;
				MTL_FAST_MATH = YES;
				ONLY_ACTIVE_ARCH = YES;
				SDKROOT = iphoneos;
				SWIFT_ACTIVE_COMPILATION_CONDITIONS = "DEBUG $(inherited)";
				SWIFT_OPTIMIZATION_LEVEL = "-Onone";
			};
			name = Debug;
		};
		53CB44132D089B2100D98E42 /* Release */ = {
			isa = XCBuildConfiguration;
			buildSettings = {
				ALWAYS_SEARCH_USER_PATHS = NO;
				ASSETCATALOG_COMPILER_GENERATE_SWIFT_ASSET_SYMBOL_EXTENSIONS = YES;
				CLANG_ANALYZER_NONNULL = YES;
				CLANG_ANALYZER_NUMBER_OBJECT_CONVERSION = YES_AGGRESSIVE;
				CLANG_CXX_LANGUAGE_STANDARD = "gnu++20";
				CLANG_ENABLE_MODULES = YES;
				CLANG_ENABLE_OBJC_ARC = YES;
				CLANG_ENABLE_OBJC_WEAK = YES;
				CLANG_WARN_BLOCK_CAPTURE_AUTORELEASING = YES;
				CLANG_WARN_BOOL_CONVERSION = YES;
				CLANG_WARN_COMMA = YES;
				CLANG_WARN_CONSTANT_CONVERSION = YES;
				CLANG_WARN_DEPRECATED_OBJC_IMPLEMENTATIONS = YES;
				CLANG_WARN_DIRECT_OBJC_ISA_USAGE = YES_ERROR;
				CLANG_WARN_DOCUMENTATION_COMMENTS = YES;
				CLANG_WARN_EMPTY_BODY = YES;
				CLANG_WARN_ENUM_CONVERSION = YES;
				CLANG_WARN_INFINITE_RECURSION = YES;
				CLANG_WARN_INT_CONVERSION = YES;
				CLANG_WARN_NON_LITERAL_NULL_CONVERSION = YES;
				CLANG_WARN_OBJC_IMPLICIT_RETAIN_SELF = YES;
				CLANG_WARN_OBJC_LITERAL_CONVERSION = YES;
				CLANG_WARN_OBJC_ROOT_CLASS = YES_ERROR;
				CLANG_WARN_QUOTED_INCLUDE_IN_FRAMEWORK_HEADER = YES;
				CLANG_WARN_RANGE_LOOP_ANALYSIS = YES;
				CLANG_WARN_STRICT_PROTOTYPES = YES;
				CLANG_WARN_SUSPICIOUS_MOVE = YES;
				CLANG_WARN_UNGUARDED_AVAILABILITY = YES_AGGRESSIVE;
				CLANG_WARN_UNREACHABLE_CODE = YES;
				CLANG_WARN__DUPLICATE_METHOD_MATCH = YES;
				COPY_PHASE_STRIP = NO;
				DEBUG_INFORMATION_FORMAT = "dwarf-with-dsym";
				ENABLE_NS_ASSERTIONS = NO;
				ENABLE_STRICT_OBJC_MSGSEND = YES;
				ENABLE_USER_SCRIPT_SANDBOXING = YES;
				GCC_C_LANGUAGE_STANDARD = gnu17;
				GCC_NO_COMMON_BLOCKS = YES;
				GCC_WARN_64_TO_32_BIT_CONVERSION = YES;
				GCC_WARN_ABOUT_RETURN_TYPE = YES_ERROR;
				GCC_WARN_UNDECLARED_SELECTOR = YES;
				GCC_WARN_UNINITIALIZED_AUTOS = YES_AGGRESSIVE;
				GCC_WARN_UNUSED_FUNCTION = YES;
				GCC_WARN_UNUSED_VARIABLE = YES;
				IPHONEOS_DEPLOYMENT_TARGET = 18.1;
				LOCALIZATION_PREFERS_STRING_CATALOGS = YES;
				MTL_ENABLE_DEBUG_INFO = NO;
				MTL_FAST_MATH = YES;
				SDKROOT = iphoneos;
				SWIFT_COMPILATION_MODE = wholemodule;
				VALIDATE_PRODUCT = YES;
			};
			name = Release;
		};
/* End XCBuildConfiguration section */

/* Begin XCConfigurationList section */
		53CB43F72D089B1F00D98E42 /* Build configuration list for PBXProject "ColorPicker" */ = {
			isa = XCConfigurationList;
			buildConfigurations = (
				53CB44122D089B2100D98E42 /* Debug */,
				53CB44132D089B2100D98E42 /* Release */,
			);
			defaultConfigurationIsVisible = 0;
			defaultConfigurationName = Release;
		};
		53CB440F2D089B2100D98E42 /* Build configuration list for PBXNativeTarget "ColorPicker" */ = {
			isa = XCConfigurationList;
			buildConfigurations = (
				53CB44102D089B2100D98E42 /* Debug */,
				53CB44112D089B2100D98E42 /* Release */,
			);
			defaultConfigurationIsVisible = 0;
			defaultConfigurationName = Release;
		};
/* End XCConfigurationList section */
	};
	rootObject = 53CB43F42D089B1F00D98E42 /* Project object */;
}
